
Microsoft Visual Studio Solution File, Format Version 12.00
# Visual Studio Version 17
VisualStudioVersion = 17.5.002.0
MinimumVisualStudioVersion = 10.0.40219.1
Project("{9A19103F-16F7-4668-BE54-9A1E7A4F7556}") = "HelloWorld", "hello-world\HelloWorld.csproj", "{ADB8DF5D-6834-4E67-89D2-B9E8BD71644F}"
EndProject
Project("{9A19103F-16F7-4668-BE54-9A1E7A4F7556}") = "LuciansLusciousLasagna", "lucians-luscious-lasagna\LuciansLusciousLasagna.csproj", "{7A0F1F2D-0961-45C8-BBDB-4619A1D42BAD}"
EndProject
Project("{9A19103F-16F7-4668-BE54-9A1E7A4F7556}") = "AnnalynsInfiltration", "annalyns-infiltration\AnnalynsInfiltration.csproj", "{C1945706-324F-406D-B3B7-F6D9BE4C4D26}"
EndProject
Project("{9A19103F-16F7-4668-BE54-9A1E7A4F7556}") = "LogLevels", "log-levels\LogLevels.csproj", "{1AB00903-87A1-4818-B365-A8A87B7FEDA5}"
EndProject
Project("{9A19103F-16F7-4668-BE54-9A1E7A4F7556}") = "CarsAssemble", "cars-assemble\CarsAssemble.csproj", "{D144898F-917A-4817-B6FD-61F04AAFF8DA}"
EndProject
Project("{9A19103F-16F7-4668-BE54-9A1E7A4F7556}") = "PhoneNumberAnalysis", "phone-number-analysis\PhoneNumberAnalysis.csproj", "{2AFB1258-5132-405F-AEB9-089C938BDFFD}"
EndProject
Project("{9A19103F-16F7-4668-BE54-9A1E7A4F7556}") = "LogAnalysis", "log-analysis\LogAnalysis.csproj", "{6434ACCA-9DEB-4E32-9DB0-21265E0A7990}"
EndProject
Project("{9A19103F-16F7-4668-BE54-9A1E7A4F7556}") = "TimFromMarketing", "tim-from-marketing\TimFromMarketing.csproj", "{0728E130-11FE-4571-B5EF-C11AF500245B}"
EndProject
Project("{9A19103F-16F7-4668-BE54-9A1E7A4F7556}") = "InterestIsInteresting", "interest-is-interesting\InterestIsInteresting.csproj", "{002E342C-B1E3-453B-859B-19265F0F1B4D}"
EndProject
Project("{9A19103F-16F7-4668-BE54-9A1E7A4F7556}") = "Leap", "leap\Leap.csproj", "{5243417D-E7B7-42FB-8F68-826B7F6B4FC8}"
EndProject
Project("{9A19103F-16F7-4668-BE54-9A1E7A4F7556}") = "Darts", "darts\Darts.csproj", "{A9C6C8BF-B877-4E1A-86CE-C81F2E9B8C99}"
EndProject
Project("{9A19103F-16F7-4668-BE54-9A1E7A4F7556}") = "RollTheDie", "roll-the-die\RollTheDie.csproj", "{2713CF37-48A9-4843-BC2E-3A242E046976}"
EndProject
Project("{9A19103F-16F7-4668-BE54-9A1E7A4F7556}") = "ElonsToys", "elons-toys\ElonsToys.csproj", "{046F5B73-5DA5-475E-B3CD-45E0E6CB25AD}"
EndProject
Project("{9A19103F-16F7-4668-BE54-9A1E7A4F7556}") = "NeedForSpeed", "need-for-speed\NeedForSpeed.csproj", "{E12DED25-4AD0-4D17-BED3-E32BDE58E5EA}"
EndProject
Project("{9A19103F-16F7-4668-BE54-9A1E7A4F7556}") = "BookingUpForBeauty", "booking-up-for-beauty\BookingUpForBeauty.csproj", "{27F448C5-CD2F-44C2-B66D-72C2329212DD}"
EndProject
Project("{9A19103F-16F7-4668-BE54-9A1E7A4F7556}") = "BirdWatcher", "bird-watcher\BirdWatcher.csproj", "{A8ABF0BA-B527-4622-BF31-C9B46F13E5C4}"
EndProject
Project("{9A19103F-16F7-4668-BE54-9A1E7A4F7556}") = "WizardsAndWarriors", "wizards-and-warriors\WizardsAndWarriors.csproj", "{2F96B6BA-3E7E-4608-B5EC-809D485251DC}"
EndProject
Project("{9A19103F-16F7-4668-BE54-9A1E7A4F7556}") = "TracksOnTracksOnTracks", "tracks-on-tracks-on-tracks\TracksOnTracksOnTracks.csproj", "{F4AFB8B7-7CC9-4C20-879E-C4D7A60A6FC3}"
EndProject
Global
	GlobalSection(SolutionConfigurationPlatforms) = preSolution
		Debug|Any CPU = Debug|Any CPU
		Release|Any CPU = Release|Any CPU
	EndGlobalSection
	GlobalSection(ProjectConfigurationPlatforms) = postSolution
		{ADB8DF5D-6834-4E67-89D2-B9E8BD71644F}.Debug|Any CPU.ActiveCfg = Debug|Any CPU
		{ADB8DF5D-6834-4E67-89D2-B9E8BD71644F}.Debug|Any CPU.Build.0 = Debug|Any CPU
		{ADB8DF5D-6834-4E67-89D2-B9E8BD71644F}.Release|Any CPU.ActiveCfg = Release|Any CPU
		{ADB8DF5D-6834-4E67-89D2-B9E8BD71644F}.Release|Any CPU.Build.0 = Release|Any CPU
		{7A0F1F2D-0961-45C8-BBDB-4619A1D42BAD}.Debug|Any CPU.ActiveCfg = Debug|Any CPU
		{7A0F1F2D-0961-45C8-BBDB-4619A1D42BAD}.Debug|Any CPU.Build.0 = Debug|Any CPU
		{7A0F1F2D-0961-45C8-BBDB-4619A1D42BAD}.Release|Any CPU.ActiveCfg = Release|Any CPU
		{7A0F1F2D-0961-45C8-BBDB-4619A1D42BAD}.Release|Any CPU.Build.0 = Release|Any CPU
		{C1945706-324F-406D-B3B7-F6D9BE4C4D26}.Debug|Any CPU.ActiveCfg = Debug|Any CPU
		{C1945706-324F-406D-B3B7-F6D9BE4C4D26}.Debug|Any CPU.Build.0 = Debug|Any CPU
		{C1945706-324F-406D-B3B7-F6D9BE4C4D26}.Release|Any CPU.ActiveCfg = Release|Any CPU
		{C1945706-324F-406D-B3B7-F6D9BE4C4D26}.Release|Any CPU.Build.0 = Release|Any CPU
		{1AB00903-87A1-4818-B365-A8A87B7FEDA5}.Debug|Any CPU.ActiveCfg = Debug|Any CPU
		{1AB00903-87A1-4818-B365-A8A87B7FEDA5}.Debug|Any CPU.Build.0 = Debug|Any CPU
		{1AB00903-87A1-4818-B365-A8A87B7FEDA5}.Release|Any CPU.ActiveCfg = Release|Any CPU
		{1AB00903-87A1-4818-B365-A8A87B7FEDA5}.Release|Any CPU.Build.0 = Release|Any CPU
		{D144898F-917A-4817-B6FD-61F04AAFF8DA}.Debug|Any CPU.ActiveCfg = Debug|Any CPU
		{D144898F-917A-4817-B6FD-61F04AAFF8DA}.Debug|Any CPU.Build.0 = Debug|Any CPU
		{D144898F-917A-4817-B6FD-61F04AAFF8DA}.Release|Any CPU.ActiveCfg = Release|Any CPU
		{D144898F-917A-4817-B6FD-61F04AAFF8DA}.Release|Any CPU.Build.0 = Release|Any CPU
		{2AFB1258-5132-405F-AEB9-089C938BDFFD}.Debug|Any CPU.ActiveCfg = Debug|Any CPU
		{2AFB1258-5132-405F-AEB9-089C938BDFFD}.Debug|Any CPU.Build.0 = Debug|Any CPU
		{2AFB1258-5132-405F-AEB9-089C938BDFFD}.Release|Any CPU.ActiveCfg = Release|Any CPU
		{2AFB1258-5132-405F-AEB9-089C938BDFFD}.Release|Any CPU.Build.0 = Release|Any CPU
		{6434ACCA-9DEB-4E32-9DB0-21265E0A7990}.Debug|Any CPU.ActiveCfg = Debug|Any CPU
		{6434ACCA-9DEB-4E32-9DB0-21265E0A7990}.Debug|Any CPU.Build.0 = Debug|Any CPU
		{6434ACCA-9DEB-4E32-9DB0-21265E0A7990}.Release|Any CPU.ActiveCfg = Release|Any CPU
		{6434ACCA-9DEB-4E32-9DB0-21265E0A7990}.Release|Any CPU.Build.0 = Release|Any CPU
		{0728E130-11FE-4571-B5EF-C11AF500245B}.Debug|Any CPU.ActiveCfg = Debug|Any CPU
		{0728E130-11FE-4571-B5EF-C11AF500245B}.Debug|Any CPU.Build.0 = Debug|Any CPU
		{0728E130-11FE-4571-B5EF-C11AF500245B}.Release|Any CPU.ActiveCfg = Release|Any CPU
		{0728E130-11FE-4571-B5EF-C11AF500245B}.Release|Any CPU.Build.0 = Release|Any CPU
		{002E342C-B1E3-453B-859B-19265F0F1B4D}.Debug|Any CPU.ActiveCfg = Debug|Any CPU
		{002E342C-B1E3-453B-859B-19265F0F1B4D}.Debug|Any CPU.Build.0 = Debug|Any CPU
		{002E342C-B1E3-453B-859B-19265F0F1B4D}.Release|Any CPU.ActiveCfg = Release|Any CPU
		{002E342C-B1E3-453B-859B-19265F0F1B4D}.Release|Any CPU.Build.0 = Release|Any CPU
		{5243417D-E7B7-42FB-8F68-826B7F6B4FC8}.Debug|Any CPU.ActiveCfg = Debug|Any CPU
		{5243417D-E7B7-42FB-8F68-826B7F6B4FC8}.Debug|Any CPU.Build.0 = Debug|Any CPU
		{5243417D-E7B7-42FB-8F68-826B7F6B4FC8}.Release|Any CPU.ActiveCfg = Release|Any CPU
		{5243417D-E7B7-42FB-8F68-826B7F6B4FC8}.Release|Any CPU.Build.0 = Release|Any CPU
		{A9C6C8BF-B877-4E1A-86CE-C81F2E9B8C99}.Debug|Any CPU.ActiveCfg = Debug|Any CPU
		{A9C6C8BF-B877-4E1A-86CE-C81F2E9B8C99}.Debug|Any CPU.Build.0 = Debug|Any CPU
		{A9C6C8BF-B877-4E1A-86CE-C81F2E9B8C99}.Release|Any CPU.ActiveCfg = Release|Any CPU
		{A9C6C8BF-B877-4E1A-86CE-C81F2E9B8C99}.Release|Any CPU.Build.0 = Release|Any CPU
		{2713CF37-48A9-4843-BC2E-3A242E046976}.Debug|Any CPU.ActiveCfg = Debug|Any CPU
		{2713CF37-48A9-4843-BC2E-3A242E046976}.Debug|Any CPU.Build.0 = Debug|Any CPU
		{2713CF37-48A9-4843-BC2E-3A242E046976}.Release|Any CPU.ActiveCfg = Release|Any CPU
		{2713CF37-48A9-4843-BC2E-3A242E046976}.Release|Any CPU.Build.0 = Release|Any CPU
		{046F5B73-5DA5-475E-B3CD-45E0E6CB25AD}.Debug|Any CPU.ActiveCfg = Debug|Any CPU
		{046F5B73-5DA5-475E-B3CD-45E0E6CB25AD}.Debug|Any CPU.Build.0 = Debug|Any CPU
		{046F5B73-5DA5-475E-B3CD-45E0E6CB25AD}.Release|Any CPU.ActiveCfg = Release|Any CPU
		{046F5B73-5DA5-475E-B3CD-45E0E6CB25AD}.Release|Any CPU.Build.0 = Release|Any CPU
		{E12DED25-4AD0-4D17-BED3-E32BDE58E5EA}.Debug|Any CPU.ActiveCfg = Debug|Any CPU
		{E12DED25-4AD0-4D17-BED3-E32BDE58E5EA}.Debug|Any CPU.Build.0 = Debug|Any CPU
		{E12DED25-4AD0-4D17-BED3-E32BDE58E5EA}.Release|Any CPU.ActiveCfg = Release|Any CPU
		{E12DED25-4AD0-4D17-BED3-E32BDE58E5EA}.Release|Any CPU.Build.0 = Release|Any CPU
		{27F448C5-CD2F-44C2-B66D-72C2329212DD}.Debug|Any CPU.ActiveCfg = Debug|Any CPU
		{27F448C5-CD2F-44C2-B66D-72C2329212DD}.Debug|Any CPU.Build.0 = Debug|Any CPU
		{27F448C5-CD2F-44C2-B66D-72C2329212DD}.Release|Any CPU.ActiveCfg = Release|Any CPU
		{27F448C5-CD2F-44C2-B66D-72C2329212DD}.Release|Any CPU.Build.0 = Release|Any CPU
		{A8ABF0BA-B527-4622-BF31-C9B46F13E5C4}.Debug|Any CPU.ActiveCfg = Debug|Any CPU
		{A8ABF0BA-B527-4622-BF31-C9B46F13E5C4}.Debug|Any CPU.Build.0 = Debug|Any CPU
		{A8ABF0BA-B527-4622-BF31-C9B46F13E5C4}.Release|Any CPU.ActiveCfg = Release|Any CPU
		{A8ABF0BA-B527-4622-BF31-C9B46F13E5C4}.Release|Any CPU.Build.0 = Release|Any CPU
		{2F96B6BA-3E7E-4608-B5EC-809D485251DC}.Debug|Any CPU.ActiveCfg = Debug|Any CPU
		{2F96B6BA-3E7E-4608-B5EC-809D485251DC}.Debug|Any CPU.Build.0 = Debug|Any CPU
		{2F96B6BA-3E7E-4608-B5EC-809D485251DC}.Release|Any CPU.ActiveCfg = Release|Any CPU
		{2F96B6BA-3E7E-4608-B5EC-809D485251DC}.Release|Any CPU.Build.0 = Release|Any CPU
		{F4AFB8B7-7CC9-4C20-879E-C4D7A60A6FC3}.Debug|Any CPU.ActiveCfg = Debug|Any CPU
		{F4AFB8B7-7CC9-4C20-879E-C4D7A60A6FC3}.Debug|Any CPU.Build.0 = Debug|Any CPU
		{F4AFB8B7-7CC9-4C20-879E-C4D7A60A6FC3}.Release|Any CPU.ActiveCfg = Release|Any CPU
		{F4AFB8B7-7CC9-4C20-879E-C4D7A60A6FC3}.Release|Any CPU.Build.0 = Release|Any CPU
	EndGlobalSection
	GlobalSection(SolutionProperties) = preSolution
		HideSolutionNode = FALSE
	EndGlobalSection
	GlobalSection(ExtensibilityGlobals) = postSolution
		SolutionGuid = {6455A680-FD9B-4B4C-BE46-99497B29AF8E}
	EndGlobalSection
EndGlobal
