
Microsoft Visual Studio Solution File, Format Version 12.00
# Visual Studio Version 17
VisualStudioVersion = 17.5.002.0
MinimumVisualStudioVersion = 10.0.40219.1
Project("{9A19103F-16F7-4668-BE54-9A1E7A4F7556}") = "HelloWorld", "hello-world\HelloWorld.csproj", "{1B0BB285-E434-4948-8DF7-B503E8F24D3E}"
EndProject
Project("{9A19103F-16F7-4668-BE54-9A1E7A4F7556}") = "LuciansLusciousLasagna", "lucians-luscious-lasagna\LuciansLusciousLasagna.csproj", "{B3133F11-9398-4711-8FE1-FC51F47E6779}"
EndProject
Project("{9A19103F-16F7-4668-BE54-9A1E7A4F7556}") = "AnnalynsInfiltration", "annalyns-infiltration\AnnalynsInfiltration.csproj", "{D6F552B0-A931-421B-B241-B311AC37EBEC}"
EndProject
Project("{9A19103F-16F7-4668-BE54-9A1E7A4F7556}") = "LogLevels", "log-levels\LogLevels.csproj", "{B3FF4867-4186-42C4-B4C3-26E62CCF535F}"
EndProject
Project("{9A19103F-16F7-4668-BE54-9A1E7A4F7556}") = "CarsAssemble", "cars-assemble\CarsAssemble.csproj", "{13612A7B-0EE1-4300-B0BB-1D8E456082A0}"
EndProject
Project("{9A19103F-16F7-4668-BE54-9A1E7A4F7556}") = "PhoneNumberAnalysis", "phone-number-analysis\PhoneNumberAnalysis.csproj", "{7B36D78D-6B0A-4691-A291-4D31203265DB}"
EndProject
Project("{9A19103F-16F7-4668-BE54-9A1E7A4F7556}") = "LogAnalysis", "log-analysis\LogAnalysis.csproj", "{1BF16CA3-9E06-464C-ADA1-F7E5A4D93192}"
EndProject
Project("{9A19103F-16F7-4668-BE54-9A1E7A4F7556}") = "TimFromMarketing", "tim-from-marketing\TimFromMarketing.csproj", "{4586F542-ECFD-48B3-96C2-1705F27520BB}"
EndProject
Project("{9A19103F-16F7-4668-BE54-9A1E7A4F7556}") = "InterestIsInteresting", "interest-is-interesting\InterestIsInteresting.csproj", "{B3A34081-71F8-4784-88F3-28BB618E31F2}"
EndProject
Project("{9A19103F-16F7-4668-BE54-9A1E7A4F7556}") = "Leap", "leap\Leap.csproj", "{2CD34D89-DD2C-4F54-909F-C0EB0644505D}"
EndProject
Project("{9A19103F-16F7-4668-BE54-9A1E7A4F7556}") = "Darts", "darts\Darts.csproj", "{10BCE6B0-3D2E-4A13-846F-65C4017B42CB}"
EndProject
Project("{9A19103F-16F7-4668-BE54-9A1E7A4F7556}") = "RollTheDie", "roll-the-die\RollTheDie.csproj", "{92088300-B087-4347-B02A-A94401535F95}"
EndProject
Project("{9A19103F-16F7-4668-BE54-9A1E7A4F7556}") = "ElonsToys", "elons-toys\ElonsToys.csproj", "{A31CE99F-F275-4F3F-85E9-4C7D2CC75CF3}"
EndProject
Project("{9A19103F-16F7-4668-BE54-9A1E7A4F7556}") = "NeedForSpeed", "need-for-speed\NeedForSpeed.csproj", "{40901249-CC09-4159-98A3-71B55006E7EF}"
EndProject
Project("{9A19103F-16F7-4668-BE54-9A1E7A4F7556}") = "BookingUpForBeauty", "booking-up-for-beauty\BookingUpForBeauty.csproj", "{7D6B9402-EDE8-42A2-9914-1D0F4F0B9585}"
EndProject
Global
	GlobalSection(SolutionConfigurationPlatforms) = preSolution
		Debug|Any CPU = Debug|Any CPU
		Release|Any CPU = Release|Any CPU
	EndGlobalSection
	GlobalSection(ProjectConfigurationPlatforms) = postSolution
		{1B0BB285-E434-4948-8DF7-B503E8F24D3E}.Debug|Any CPU.ActiveCfg = Debug|Any CPU
		{1B0BB285-E434-4948-8DF7-B503E8F24D3E}.Debug|Any CPU.Build.0 = Debug|Any CPU
		{1B0BB285-E434-4948-8DF7-B503E8F24D3E}.Release|Any CPU.ActiveCfg = Release|Any CPU
		{1B0BB285-E434-4948-8DF7-B503E8F24D3E}.Release|Any CPU.Build.0 = Release|Any CPU
		{B3133F11-9398-4711-8FE1-FC51F47E6779}.Debug|Any CPU.ActiveCfg = Debug|Any CPU
		{B3133F11-9398-4711-8FE1-FC51F47E6779}.Debug|Any CPU.Build.0 = Debug|Any CPU
		{B3133F11-9398-4711-8FE1-FC51F47E6779}.Release|Any CPU.ActiveCfg = Release|Any CPU
		{B3133F11-9398-4711-8FE1-FC51F47E6779}.Release|Any CPU.Build.0 = Release|Any CPU
		{D6F552B0-A931-421B-B241-B311AC37EBEC}.Debug|Any CPU.ActiveCfg = Debug|Any CPU
		{D6F552B0-A931-421B-B241-B311AC37EBEC}.Debug|Any CPU.Build.0 = Debug|Any CPU
		{D6F552B0-A931-421B-B241-B311AC37EBEC}.Release|Any CPU.ActiveCfg = Release|Any CPU
		{D6F552B0-A931-421B-B241-B311AC37EBEC}.Release|Any CPU.Build.0 = Release|Any CPU
		{B3FF4867-4186-42C4-B4C3-26E62CCF535F}.Debug|Any CPU.ActiveCfg = Debug|Any CPU
		{B3FF4867-4186-42C4-B4C3-26E62CCF535F}.Debug|Any CPU.Build.0 = Debug|Any CPU
		{B3FF4867-4186-42C4-B4C3-26E62CCF535F}.Release|Any CPU.ActiveCfg = Release|Any CPU
		{B3FF4867-4186-42C4-B4C3-26E62CCF535F}.Release|Any CPU.Build.0 = Release|Any CPU
		{13612A7B-0EE1-4300-B0BB-1D8E456082A0}.Debug|Any CPU.ActiveCfg = Debug|Any CPU
		{13612A7B-0EE1-4300-B0BB-1D8E456082A0}.Debug|Any CPU.Build.0 = Debug|Any CPU
		{13612A7B-0EE1-4300-B0BB-1D8E456082A0}.Release|Any CPU.ActiveCfg = Release|Any CPU
		{13612A7B-0EE1-4300-B0BB-1D8E456082A0}.Release|Any CPU.Build.0 = Release|Any CPU
		{7B36D78D-6B0A-4691-A291-4D31203265DB}.Debug|Any CPU.ActiveCfg = Debug|Any CPU
		{7B36D78D-6B0A-4691-A291-4D31203265DB}.Debug|Any CPU.Build.0 = Debug|Any CPU
		{7B36D78D-6B0A-4691-A291-4D31203265DB}.Release|Any CPU.ActiveCfg = Release|Any CPU
		{7B36D78D-6B0A-4691-A291-4D31203265DB}.Release|Any CPU.Build.0 = Release|Any CPU
		{1BF16CA3-9E06-464C-ADA1-F7E5A4D93192}.Debug|Any CPU.ActiveCfg = Debug|Any CPU
		{1BF16CA3-9E06-464C-ADA1-F7E5A4D93192}.Debug|Any CPU.Build.0 = Debug|Any CPU
		{1BF16CA3-9E06-464C-ADA1-F7E5A4D93192}.Release|Any CPU.ActiveCfg = Release|Any CPU
		{1BF16CA3-9E06-464C-ADA1-F7E5A4D93192}.Release|Any CPU.Build.0 = Release|Any CPU
		{4586F542-ECFD-48B3-96C2-1705F27520BB}.Debug|Any CPU.ActiveCfg = Debug|Any CPU
		{4586F542-ECFD-48B3-96C2-1705F27520BB}.Debug|Any CPU.Build.0 = Debug|Any CPU
		{4586F542-ECFD-48B3-96C2-1705F27520BB}.Release|Any CPU.ActiveCfg = Release|Any CPU
		{4586F542-ECFD-48B3-96C2-1705F27520BB}.Release|Any CPU.Build.0 = Release|Any CPU
		{B3A34081-71F8-4784-88F3-28BB618E31F2}.Debug|Any CPU.ActiveCfg = Debug|Any CPU
		{B3A34081-71F8-4784-88F3-28BB618E31F2}.Debug|Any CPU.Build.0 = Debug|Any CPU
		{B3A34081-71F8-4784-88F3-28BB618E31F2}.Release|Any CPU.ActiveCfg = Release|Any CPU
		{B3A34081-71F8-4784-88F3-28BB618E31F2}.Release|Any CPU.Build.0 = Release|Any CPU
		{2CD34D89-DD2C-4F54-909F-C0EB0644505D}.Debug|Any CPU.ActiveCfg = Debug|Any CPU
		{2CD34D89-DD2C-4F54-909F-C0EB0644505D}.Debug|Any CPU.Build.0 = Debug|Any CPU
		{2CD34D89-DD2C-4F54-909F-C0EB0644505D}.Release|Any CPU.ActiveCfg = Release|Any CPU
		{2CD34D89-DD2C-4F54-909F-C0EB0644505D}.Release|Any CPU.Build.0 = Release|Any CPU
		{10BCE6B0-3D2E-4A13-846F-65C4017B42CB}.Debug|Any CPU.ActiveCfg = Debug|Any CPU
		{10BCE6B0-3D2E-4A13-846F-65C4017B42CB}.Debug|Any CPU.Build.0 = Debug|Any CPU
		{10BCE6B0-3D2E-4A13-846F-65C4017B42CB}.Release|Any CPU.ActiveCfg = Release|Any CPU
		{10BCE6B0-3D2E-4A13-846F-65C4017B42CB}.Release|Any CPU.Build.0 = Release|Any CPU
		{92088300-B087-4347-B02A-A94401535F95}.Debug|Any CPU.ActiveCfg = Debug|Any CPU
		{92088300-B087-4347-B02A-A94401535F95}.Debug|Any CPU.Build.0 = Debug|Any CPU
		{92088300-B087-4347-B02A-A94401535F95}.Release|Any CPU.ActiveCfg = Release|Any CPU
		{92088300-B087-4347-B02A-A94401535F95}.Release|Any CPU.Build.0 = Release|Any CPU
		{A31CE99F-F275-4F3F-85E9-4C7D2CC75CF3}.Debug|Any CPU.ActiveCfg = Debug|Any CPU
		{A31CE99F-F275-4F3F-85E9-4C7D2CC75CF3}.Debug|Any CPU.Build.0 = Debug|Any CPU
		{A31CE99F-F275-4F3F-85E9-4C7D2CC75CF3}.Release|Any CPU.ActiveCfg = Release|Any CPU
		{A31CE99F-F275-4F3F-85E9-4C7D2CC75CF3}.Release|Any CPU.Build.0 = Release|Any CPU
		{40901249-CC09-4159-98A3-71B55006E7EF}.Debug|Any CPU.ActiveCfg = Debug|Any CPU
		{40901249-CC09-4159-98A3-71B55006E7EF}.Debug|Any CPU.Build.0 = Debug|Any CPU
		{40901249-CC09-4159-98A3-71B55006E7EF}.Release|Any CPU.ActiveCfg = Release|Any CPU
		{40901249-CC09-4159-98A3-71B55006E7EF}.Release|Any CPU.Build.0 = Release|Any CPU
		{7D6B9402-EDE8-42A2-9914-1D0F4F0B9585}.Debug|Any CPU.ActiveCfg = Debug|Any CPU
		{7D6B9402-EDE8-42A2-9914-1D0F4F0B9585}.Debug|Any CPU.Build.0 = Debug|Any CPU
		{7D6B9402-EDE8-42A2-9914-1D0F4F0B9585}.Release|Any CPU.ActiveCfg = Release|Any CPU
		{7D6B9402-EDE8-42A2-9914-1D0F4F0B9585}.Release|Any CPU.Build.0 = Release|Any CPU
	EndGlobalSection
	GlobalSection(SolutionProperties) = preSolution
		HideSolutionNode = FALSE
	EndGlobalSection
	GlobalSection(ExtensibilityGlobals) = postSolution
		SolutionGuid = {6455A680-FD9B-4B4C-BE46-99497B29AF8E}
	EndGlobalSection
EndGlobal
